
Microsoft Visual Studio Solution File, Format Version 12.00
# Visual Studio 15
VisualStudioVersion = 15.0.28010.2046
MinimumVisualStudioVersion = 10.0.40219.1
Project("{FAE04EC0-301F-11D3-BF4B-00C04F79EFBC}") = "HGP.Web", "HGP.Web\HGP.Web.csproj", "{2C3EE98F-E713-4EBA-BE73-3AA2A8A4A293}"
EndProject
Project("{FAE04EC0-301F-11D3-BF4B-00C04F79EFBC}") = "HGP.Web.Tests", "HGP.Web.Tests\HGP.Web.Tests.csproj", "{1AF978A6-22D2-4F8D-BEA4-F3EF45B7E325}"
EndProject
Project("{FAE04EC0-301F-11D3-BF4B-00C04F79EFBC}") = "HGP.Common", "HGP.Common\HGP.Common.csproj", "{83411CD1-DE24-4197-85B3-41FC01679DE7}"
EndProject
Global
	GlobalSection(SolutionConfigurationPlatforms) = preSolution
		Debug|Any CPU = Debug|Any CPU
		Release|Any CPU = Release|Any CPU
	EndGlobalSection
	GlobalSection(ProjectConfigurationPlatforms) = postSolution
		{2C3EE98F-E713-4EBA-BE73-3AA2A8A4A293}.Debug|Any CPU.ActiveCfg = Debug|Any CPU
		{2C3EE98F-E713-4EBA-BE73-3AA2A8A4A293}.Debug|Any CPU.Build.0 = Debug|Any CPU
		{2C3EE98F-E713-4EBA-BE73-3AA2A8A4A293}.Release|Any CPU.ActiveCfg = Release|Any CPU
		{2C3EE98F-E713-4EBA-BE73-3AA2A8A4A293}.Release|Any CPU.Build.0 = Release|Any CPU
		{1AF978A6-22D2-4F8D-BEA4-F3EF45B7E325}.Debug|Any CPU.ActiveCfg = Debug|Any CPU
		{1AF978A6-22D2-4F8D-BEA4-F3EF45B7E325}.Debug|Any CPU.Build.0 = Debug|Any CPU
		{1AF978A6-22D2-4F8D-BEA4-F3EF45B7E325}.Release|Any CPU.ActiveCfg = Release|Any CPU
		{1AF978A6-22D2-4F8D-BEA4-F3EF45B7E325}.Release|Any CPU.Build.0 = Release|Any CPU
		{83411CD1-DE24-4197-85B3-41FC01679DE7}.Debug|Any CPU.ActiveCfg = Debug|Any CPU
		{83411CD1-DE24-4197-85B3-41FC01679DE7}.Debug|Any CPU.Build.0 = Debug|Any CPU
		{83411CD1-DE24-4197-85B3-41FC01679DE7}.Release|Any CPU.ActiveCfg = Release|Any CPU
		{83411CD1-DE24-4197-85B3-41FC01679DE7}.Release|Any CPU.Build.0 = Release|Any CPU
	EndGlobalSection
	GlobalSection(SolutionProperties) = preSolution
		HideSolutionNode = FALSE
	EndGlobalSection
	GlobalSection(ExtensibilityGlobals) = postSolution
		SolutionGuid = {E6391E88-CC94-4764-B0A7-1AF5F637070F}
	EndGlobalSection
	GlobalSection(TeamFoundationVersionControl) = preSolution
		SccNumberOfProjects = 4
		SccEnterpriseProvider = {4CA58AB2-18FA-4F8D-95D4-32DDF27D184C}
		SccTeamFoundationServer = https://matrix6.visualstudio.com/
		SccLocalPath0 = .
		SccProjectUniqueName1 = HGP.Web.Tests\\HGP.Web.Tests.csproj
		SccProjectName1 = HGP.Web.Tests
		SccLocalPath1 = HGP.Web.Tests
		SccProjectUniqueName2 = HGP.Web\\HGP.Web.csproj
		SccProjectName2 = HGP.Web
		SccLocalPath2 = HGP.Web
		SccProjectUniqueName3 = HGP.Common\\HGP.Common.csproj
		SccProjectName3 = HGP.Common
		SccLocalPath3 = HGP.Common
	EndGlobalSection
EndGlobal
